
Microsoft Visual Studio Solution File, Format Version 11.00
# Visual Studio 2010
Project("{8BC9CEB8-8B4A-11D0-8D11-00A0C91BC942}") = "vowel_recognition", "vowel_recognition\vowel_recognition.vcxproj", "{407034EA-8C69-4A95-A8CC-5043BFEF487A}"
EndProject
Global
	GlobalSection(SolutionConfigurationPlatforms) = preSolution
		Debug|Win32 = Debug|Win32
		Release|Win32 = Release|Win32
	EndGlobalSection
	GlobalSection(ProjectConfigurationPlatforms) = postSolution
		{407034EA-8C69-4A95-A8CC-5043BFEF487A}.Debug|Win32.ActiveCfg = Debug|Win32
		{407034EA-8C69-4A95-A8CC-5043BFEF487A}.Debug|Win32.Build.0 = Debug|Win32
		{407034EA-8C69-4A95-A8CC-5043BFEF487A}.Release|Win32.ActiveCfg = Release|Win32
		{407034EA-8C69-4A95-A8CC-5043BFEF487A}.Release|Win32.Build.0 = Release|Win32
	EndGlobalSection
	GlobalSection(SolutionProperties) = preSolution
		HideSolutionNode = FALSE
	EndGlobalSection
EndGlobal
